{
    "_readme": [
        "This file locks the dependencies of your project to a known state",
        "Read more about it at https://getcomposer.org/doc/01-basic-usage.md#composer-lock-the-lock-file",
        "This file is @generated automatically"
    ],
    "hash": "3230e4ca090600db3155f6353e5b1a5f",
    "content-hash": "79ef2f96b1228c57c6fc1a76f562c0c9",
    "packages": [
        {
            "name": "amphp/amp",
            "version": "dev-master",
            "source": {
                "type": "git",
                "url": "https://github.com/amphp/amp.git",
                "reference": "72683085c53e482b294674d9af6e003ffdc4570d"
            },
            "dist": {
                "type": "zip",
                "url": "https://api.github.com/repos/amphp/amp/zipball/72683085c53e482b294674d9af6e003ffdc4570d",
                "reference": "72683085c53e482b294674d9af6e003ffdc4570d",
                "shasum": ""
            },
            "require": {
                "php": ">=5.5"
            },
            "require-dev": {
                "fabpot/php-cs-fixer": "~1.9",
                "phpunit/phpunit": "~4.8"
            },
            "type": "library",
            "extra": {
                "branch-alias": {
                    "dev-master": "1.0.x-dev"
                }
            },
            "autoload": {
                "psr-4": {
                    "Amp\\": "lib/"
                },
                "files": [
                    "lib/functions.php"
                ]
            },
            "notification-url": "https://packagist.org/downloads/",
            "license": [
                "MIT"
            ],
            "authors": [
                {
                    "name": "Daniel Lowrey",
                    "email": "rdlowrey@php.net",
                    "role": "Creator / Lead Developer"
                }
            ],
            "description": "A non-blocking concurrency framework for PHP applications",
            "homepage": "https://github.com/amphp/amp",
            "keywords": [
                "async",
                "concurrency",
                "event",
                "non-blocking",
                "promise"
            ],
            "time": "2015-11-16 13:53:19"
        },
        {
            "name": "amphp/artax",
            "version": "2.x-dev",
            "source": {
                "type": "git",
                "url": "https://github.com/amphp/artax.git",
                "reference": "f0d174ad0b42a6f619fdccfcb99a3059b90e5acc"
            },
            "dist": {
                "type": "zip",
                "url": "https://api.github.com/repos/amphp/artax/zipball/f0d174ad0b42a6f619fdccfcb99a3059b90e5acc",
                "reference": "f0d174ad0b42a6f619fdccfcb99a3059b90e5acc",
                "shasum": ""
            },
            "require": {
                "amphp/amp": "^1",
                "amphp/socket": "^0.9",
                "php": ">=5.5.0"
            },
            "require-dev": {
                "fabpot/php-cs-fixer": "~1.9",
                "phpunit/phpunit": "~4.8"
            },
            "type": "library",
            "extra": {
                "branch-alias": {
                    "dev-master": "1.0.x-dev",
                    "dev-v2": "2.0.0-dev"
                }
            },
            "autoload": {
                "psr-4": {
                    "Amp\\Artax\\": "lib/"
                }
            },
            "notification-url": "https://packagist.org/downloads/",
            "license": [
                "MIT"
            ],
            "authors": [
                {
                    "name": "Daniel Lowrey",
                    "email": "rdlowrey@gmail.com",
                    "role": "Creator / Lead Developer"
                }
            ],
            "description": "Asynchronous parallel HTTP/1.1 client built on the Amp concurrency framework",
            "homepage": "https://github.com/amphp/artax",
            "keywords": [
                "async",
                "client",
                "http",
                "non-blocking",
                "parallel",
                "rest"
            ],
            "time": "2015-11-10 00:53:00"
        },
        {
            "name": "amphp/cache",
            "version": "v0.1.0",
            "source": {
                "type": "git",
                "url": "https://github.com/amphp/cache.git",
                "reference": "26709c198dcee686557801eda6d9345f3cfa8874"
            },
            "dist": {
                "type": "zip",
                "url": "https://api.github.com/repos/amphp/cache/zipball/26709c198dcee686557801eda6d9345f3cfa8874",
                "reference": "26709c198dcee686557801eda6d9345f3cfa8874",
                "shasum": ""
            },
            "require": {
                "amphp/amp": "^1"
            },
            "require-dev": {
                "fabpot/php-cs-fixer": "~1.9",
                "phpunit/phpunit": "~4.8"
            },
            "suggest": {
                "amphp/redis": "For redis cache driver support"
            },
            "type": "library",
            "autoload": {
                "psr-4": {
                    "Amp\\Cache\\": "lib/"
                }
            },
            "notification-url": "https://packagist.org/downloads/",
            "license": [
                "MIT"
            ],
            "authors": [
                {
                    "name": "Niklas Keller",
                    "email": "me@kelunik.com"
                },
                {
                    "name": "Daniel Lowrey",
                    "email": "rdlowrey@php.net"
                }
            ],
            "description": "A promise-aware caching API built on the amp concurrency framework",
            "homepage": "https://github.com/amphp/cache",
            "time": "2015-09-08 22:26:20"
        },
        {
            "name": "amphp/dns",
            "version": "v0.8.4",
            "source": {
                "type": "git",
                "url": "https://github.com/amphp/dns.git",
                "reference": "4c4d450d4af26fc55dc56dcf45ec7977373a38bf"
            },
            "dist": {
                "type": "zip",
                "url": "https://api.github.com/repos/amphp/dns/zipball/4c4d450d4af26fc55dc56dcf45ec7977373a38bf",
                "reference": "4c4d450d4af26fc55dc56dcf45ec7977373a38bf",
                "shasum": ""
            },
            "require": {
                "amphp/amp": "^1",
                "amphp/cache": "^0.1",
                "amphp/file": "^0.1",
                "daverandom/libdns": "^1",
                "php": ">=5.5"
            },
            "require-dev": {
                "fabpot/php-cs-fixer": "^1.9",
                "phpunit/phpunit": "^4.8"
            },
            "type": "library",
            "autoload": {
                "psr-4": {
                    "Amp\\Dns\\": "lib"
                },
                "files": [
                    "lib/constants.php",
                    "lib/functions.php"
                ]
            },
            "notification-url": "https://packagist.org/downloads/",
            "license": [
                "MIT"
            ],
            "authors": [
                {
                    "name": "Bob Weinand",
                    "email": "bobwei9@hotmail.com"
                },
                {
                    "name": "Niklas Keller",
                    "email": "me@kelunik.com"
                },
                {
                    "name": "Daniel Lowrey",
                    "email": "rdlowrey@php.net"
                },
                {
                    "name": "Chris Wright",
                    "email": "addr@daverandom.com"
                }
            ],
            "description": "Async DNS resolution built on the amp concurrency framework",
            "homepage": "https://github.com/amphp/dns",
            "keywords": [
                "amp",
                "async",
                "client",
                "dns",
                "resolve"
            ],
            "time": "2015-12-08 09:41:38"
        },
        {
            "name": "amphp/file",
            "version": "dev-master",
            "source": {
                "type": "git",
                "url": "https://github.com/amphp/file.git",
                "reference": "11d8c79db4268aeceb141c7589fffcaceeb540b3"
            },
            "dist": {
                "type": "zip",
                "url": "https://api.github.com/repos/amphp/file/zipball/11d8c79db4268aeceb141c7589fffcaceeb540b3",
                "reference": "11d8c79db4268aeceb141c7589fffcaceeb540b3",
                "shasum": ""
            },
            "require": {
                "amphp/amp": "^1",
                "php": ">=5.5"
            },
            "require-dev": {
                "fabpot/php-cs-fixer": "~1.9",
                "phpunit/phpunit": "~4.8"
            },
            "type": "library",
            "extra": {
                "branch-alias": {
                    "dev-master": "0.1.0-dev"
                }
            },
            "autoload": {
                "psr-4": {
                    "Amp\\File\\": "lib"
                },
                "files": [
                    "lib/functions.php"
                ]
            },
            "notification-url": "https://packagist.org/downloads/",
            "license": [
                "MIT"
            ],
            "authors": [
                {
                    "name": "Daniel Lowrey",
                    "email": "rdlowrey@php.net"
                }
            ],
            "description": "An async filesystem library built on the amp concurrency framework",
            "homepage": "https://github.com/amphp/file",
            "keywords": [
                "amp",
                "amphp",
                "async",
                "disk",
                "file",
                "non-blocking",
                "static"
            ],
            "time": "2015-12-09 20:59:25"
        },
        {
            "name": "amphp/socket",
            "version": "v0.9.3",
            "source": {
                "type": "git",
                "url": "https://github.com/amphp/socket.git",
                "reference": "5d67dbffbf940f6c5feb4b30c69951037ec2a49e"
            },
            "dist": {
                "type": "zip",
                "url": "https://api.github.com/repos/amphp/socket/zipball/5d67dbffbf940f6c5feb4b30c69951037ec2a49e",
                "reference": "5d67dbffbf940f6c5feb4b30c69951037ec2a49e",
                "shasum": ""
            },
            "require": {
                "amphp/amp": "^1",
                "amphp/dns": "~0.8.0",
                "php": ">=5.5"
            },
            "require-dev": {
                "fabpot/php-cs-fixer": "~1.9",
                "phpunit/phpunit": "~4.8"
            },
            "type": "library",
            "autoload": {
                "psr-4": {
                    "Amp\\Socket\\": "lib/"
                },
                "files": [
                    "lib/functions.php"
                ]
            },
            "notification-url": "https://packagist.org/downloads/",
            "license": [
                "MIT"
            ],
            "authors": [
                {
                    "name": "Daniel Lowrey",
                    "email": "rdlowrey@gmail.com"
                }
            ],
            "description": "Async socket connection tools for the amp concurrency framework",
            "homepage": "https://github.com/amphp/socket",
            "keywords": [
                "amp",
                "async",
                "encryption",
                "non-blocking",
                "sockets",
                "tcp",
                "tls"
            ],
            "time": "2015-10-18 20:49:56"
        },
        {
            "name": "daverandom/libdns",
            "version": "1.0.x-dev",
            "source": {
                "type": "git",
                "url": "https://github.com/DaveRandom/LibDNS.git",
                "reference": "e935e8caa5ff30122bcbeb8b4ce567fa14cdf063"
            },
            "dist": {
                "type": "zip",
                "url": "https://api.github.com/repos/DaveRandom/LibDNS/zipball/e935e8caa5ff30122bcbeb8b4ce567fa14cdf063",
                "reference": "e935e8caa5ff30122bcbeb8b4ce567fa14cdf063",
                "shasum": ""
            },
            "require": {
                "php": ">=5.4.0"
            },
            "type": "library",
            "autoload": {
                "psr-4": {
                    "LibDNS\\": "src/"
                }
            },
            "notification-url": "https://packagist.org/downloads/",
            "license": [
                "MIT"
            ],
            "description": "DNS protocol implementation written in pure PHP",
            "keywords": [
                "dns"
            ],
            "time": "2015-04-02 15:42:15"
        },
        {
            "name": "namshi/jose",
            "version": "6.0.3",
            "source": {
                "type": "git",
                "url": "https://github.com/namshi/jose.git",
                "reference": "e214c25ce0deed923ef6b299fbad87a822b51b2c"
            },
            "dist": {
                "type": "zip",
                "url": "https://api.github.com/repos/namshi/jose/zipball/e214c25ce0deed923ef6b299fbad87a822b51b2c",
                "reference": "e214c25ce0deed923ef6b299fbad87a822b51b2c",
                "shasum": ""
            },
            "require": {
                "ext-date": "*",
                "ext-hash": "*",
                "ext-json": "*",
                "ext-openssl": "*",
                "ext-pcre": "*",
                "ext-spl": "*",
                "php": ">=5.4.8",
                "phpseclib/phpseclib": "1.0.0"
            },
            "require-dev": {
                "phpunit/phpunit": "~4.5",
                "satooshi/php-coveralls": "dev-master"
            },
            "type": "library",
            "autoload": {
                "psr-0": {
                    "Namshi\\JOSE": "src/",
                    "Namshi\\JOSE\\Test": "test/"
                }
            },
            "notification-url": "https://packagist.org/downloads/",
            "license": [
                "MIT"
            ],
            "authors": [
                {
                    "name": "Alessandro Nadalin",
                    "email": "alessandro.nadalin@gmail.com"
                }
            ],
            "description": "JSON Object Signing and Encryption library for PHP.",
            "keywords": [
                "JSON Web Signature",
                "JSON Web Token",
                "JWS",
                "json",
                "jwt",
                "token"
            ],
            "time": "2015-11-13 08:01:01"
        },
        {
            "name": "phpseclib/phpseclib",
            "version": "1.0.0",
            "source": {
                "type": "git",
                "url": "https://github.com/phpseclib/phpseclib.git",
                "reference": "844134df95e42b93ed5506a2d11ca5accda99412"
            },
            "dist": {
                "type": "zip",
                "url": "https://api.github.com/repos/phpseclib/phpseclib/zipball/844134df95e42b93ed5506a2d11ca5accda99412",
                "reference": "844134df95e42b93ed5506a2d11ca5accda99412",
                "shasum": ""
            },
            "require": {
                "php": ">=5.0.0"
            },
            "require-dev": {
                "phing/phing": "~2.7",
                "phpunit/phpunit": "~4.0",
                "sami/sami": "~2.0",
                "squizlabs/php_codesniffer": "~2.0"
            },
            "suggest": {
                "ext-gmp": "Install the GMP (GNU Multiple Precision) extension in order to speed up arbitrary precision integer arithmetic operations.",
                "ext-mcrypt": "Install the Mcrypt extension in order to speed up a few other cryptographic operations.",
                "ext-openssl": "Install the OpenSSL extension in order to speed up a wide variety of cryptographic operations.",
                "pear-pear/PHP_Compat": "Install PHP_Compat to get phpseclib working on PHP < 5.0.0."
            },
            "type": "library",
            "autoload": {
                "psr-0": {
                    "Crypt": "phpseclib/",
                    "File": "phpseclib/",
                    "Math": "phpseclib/",
                    "Net": "phpseclib/",
                    "System": "phpseclib/"
                },
                "files": [
                    "phpseclib/Crypt/Random.php"
                ]
            },
            "notification-url": "https://packagist.org/downloads/",
            "include-path": [
                "phpseclib/"
            ],
            "license": [
                "MIT"
            ],
            "authors": [
                {
                    "name": "Jim Wigginton",
                    "email": "terrafrost@php.net",
                    "role": "Lead Developer"
                },
                {
                    "name": "Patrick Monnerat",
                    "email": "pm@datasphere.ch",
                    "role": "Developer"
                },
                {
                    "name": "Andreas Fischer",
                    "email": "bantu@phpbb.com",
                    "role": "Developer"
                },
                {
                    "name": "Hans-Jürgen Petrich",
                    "email": "petrich@tronic-media.com",
                    "role": "Developer"
                }
            ],
            "description": "PHP Secure Communications Library - Pure-PHP implementations of RSA, AES, SSH2, SFTP, X.509 etc.",
            "homepage": "http://phpseclib.sourceforge.net",
            "keywords": [
                "BigInteger",
                "aes",
                "asn.1",
                "asn1",
                "blowfish",
                "crypto",
                "cryptography",
                "encryption",
                "rsa",
                "security",
                "sftp",
                "signature",
                "signing",
                "ssh",
                "twofish",
                "x.509",
                "x509"
            ],
            "time": "2015-08-04 02:22:12"
        },
        {
            "name": "sabre/uri",
            "version": "1.0.1",
            "source": {
                "type": "git",
                "url": "https://github.com/fruux/sabre-uri.git",
                "reference": "6bae7efdd9dfcfdb3edfc4362741e59ce4b64f42"
            },
            "dist": {
                "type": "zip",
                "url": "https://api.github.com/repos/fruux/sabre-uri/zipball/6bae7efdd9dfcfdb3edfc4362741e59ce4b64f42",
                "reference": "6bae7efdd9dfcfdb3edfc4362741e59ce4b64f42",
                "shasum": ""
            },
            "require": {
                "php": ">=5.4.7"
            },
            "require-dev": {
                "phpunit/phpunit": "*",
                "sabre/cs": "~0.0.1"
            },
            "type": "library",
            "autoload": {
                "files": [
                    "lib/functions.php"
                ],
                "psr-4": {
                    "Sabre\\Uri\\": "lib/"
                }
            },
            "notification-url": "https://packagist.org/downloads/",
            "license": [
                "BSD-3-Clause"
            ],
            "authors": [
                {
                    "name": "Evert Pot",
                    "email": "me@evertpot.com",
                    "homepage": "http://evertpot.com/",
                    "role": "Developer"
                }
            ],
            "description": "Functions for making sense out of URIs.",
            "homepage": "http://sabre.io/uri/",
            "keywords": [
                "rfc3986",
                "uri",
                "url"
            ],
            "time": "2015-04-29 03:47:26"
        },
        {
            "name": "wouter0100/acme",
            "version": "dev-master",
            "source": {
                "type": "git",
                "url": "https://github.com/Wouter0100/acme.git",
                "reference": "d356693e6719d5a44c9d0b4ba0521ad84869f55b"
            },
            "dist": {
                "type": "zip",
                "url": "https://api.github.com/repos/Wouter0100/acme/zipball/d356693e6719d5a44c9d0b4ba0521ad84869f55b",
                "reference": "d356693e6719d5a44c9d0b4ba0521ad84869f55b",
                "shasum": ""
            },
            "require": {
                "amphp/artax": "^2",
                "namshi/jose": "^6",
                "sabre/uri": "^1"
            },
            "type": "library",
            "autoload": {
                "psr-4": {
                    "Kelunik\\Acme\\": "lib"
                }
            },
            "notification-url": "https://packagist.org/downloads/",
            "license": [
                "MIT"
            ],
            "authors": [
                {
                    "name": "Niklas Keller",
                    "email": "me@kelunik.com"
                },
                {
                    "name": "Wouter van Os",
                    "email": "wouter@wouter0100.nl"
                }
            ],
            "description": "ACME library written in PHP.",
            "time": "2015-12-09 12:24:26"
        }
    ],
    "packages-dev": [],
    "aliases": [],
    "minimum-stability": "dev",
    "stability-flags": {
        "wouter0100/acme": 20
    },
    "prefer-stable": false,
    "prefer-lowest": false,
    "platform": [],
    "platform-dev": []
}
